
Microsoft Visual Studio Solution File, Format Version 12.00
# Visual Studio Version 17
VisualStudioVersion = 17.0.32112.339
MinimumVisualStudioVersion = 10.0.40219.1
Project("{8BC9CEB8-8B4A-11D0-8D11-00A0C91BC942}") = "main", "main\main.vcxproj", "{F32F5BF8-6475-419F-BAF7-02BAB0D0E50A}"
EndProject
Global
	GlobalSection(SolutionConfigurationPlatforms) = preSolution
		Debug|x64 = Debug|x64
		Debug|x86 = Debug|x86
		Release|x64 = Release|x64
		Release|x86 = Release|x86
	EndGlobalSection
	GlobalSection(ProjectConfigurationPlatforms) = postSolution
		{F32F5BF8-6475-419F-BAF7-02BAB0D0E50A}.Debug|x64.ActiveCfg = Debug|x64
		{F32F5BF8-6475-419F-BAF7-02BAB0D0E50A}.Debug|x64.Build.0 = Debug|x64
		{F32F5BF8-6475-419F-BAF7-02BAB0D0E50A}.Debug|x86.ActiveCfg = Debug|Win32
		{F32F5BF8-6475-419F-BAF7-02BAB0D0E50A}.Debug|x86.Build.0 = Debug|Win32
		{F32F5BF8-6475-419F-BAF7-02BAB0D0E50A}.Release|x64.ActiveCfg = Release|x64
		{F32F5BF8-6475-419F-BAF7-02BAB0D0E50A}.Release|x64.Build.0 = Release|x64
		{F32F5BF8-6475-419F-BAF7-02BAB0D0E50A}.Release|x86.ActiveCfg = Release|Win32
		{F32F5BF8-6475-419F-BAF7-02BAB0D0E50A}.Release|x86.Build.0 = Release|Win32
	EndGlobalSection
	GlobalSection(SolutionProperties) = preSolution
		HideSolutionNode = FALSE
	EndGlobalSection
	GlobalSection(ExtensibilityGlobals) = postSolution
		SolutionGuid = {F9BD2C69-B570-423B-9DE9-ED4D3E35E2FF}
	EndGlobalSection
EndGlobal
